{
    "_meta": {
        "hash": {
            "sha256": "f379a57d18e576cfa400da327d036b9a4a7c1abec54055996cefb84657640657"
        },
        "pipfile-spec": 6,
        "requires": {
            "python_version": "3.10"
        },
        "sources": [
            {
                "name": "pypi",
                "url": "https://pypi.org/simple",
                "verify_ssl": true
            }
        ]
    },
    "default": {
        "attrs": {
            "hashes": [
                "sha256:29adc2665447e5191d0e7c568fde78b21f9672d344281d0c6e1ab085429b22b6",
                "sha256:86efa402f67bf2df34f51a335487cf46b1ec130d02b8d39fd248abfd30da551c"
            ],
            "markers": "python_version >= '3.5'",
            "version": "==22.1.0"
        },
        "bidict": {
            "hashes": [
                "sha256:415126d23a0c81e1a8c584a8fb1f6905ea090c772571803aeee0a2242e8e7ba0",
                "sha256:5c826b3e15e97cc6e615de295756847c282a79b79c5430d3bfc909b1ac9f5bd8"
            ],
            "markers": "python_version >= '3.7'",
            "version": "==0.22.0"
        },
        "bootstrap-flask": {
            "hashes": [
                "sha256:52e360421aafbf117f59ed8237391b2a4c77592e35ab7b4566d4fde3b277825a",
                "sha256:dc4f9c463727f3a59a6bfb17b7f9d13fd07646ba852f94285542c6a1e4e457e3"
            ],
            "index": "pypi",
            "version": "==2.1.0"
        },
        "cachecontrol": {
            "hashes": [
                "sha256:2c75d6a8938cb1933c75c50184549ad42728a27e9f6b92fd677c3151aa72555b",
                "sha256:a5b9fcc986b184db101aa280b42ecdcdfc524892596f606858e0b7a8b4d9e144"
            ],
            "markers": "python_version >= '3.6'",
            "version": "==0.12.11"
        },
        "cachetools": {
            "hashes": [
                "sha256:6a94c6402995a99c3970cc7e4884bb60b4a8639938157eeed436098bf9831757",
                "sha256:f9f17d2aec496a9aa6b76f53e3b614c965223c061982d434d160f930c698a9db"
            ],
            "markers": "python_version ~= '3.7'",
            "version": "==5.2.0"
        },
        "certifi": {
            "hashes": [
                "sha256:0d9c601124e5a6ba9712dbc60d9c53c21e34f5f641fe83002317394311bdce14",
                "sha256:90c1a32f1d68f940488354e36370f6cca89f0f106db09518524c88d6ed83f382"
            ],
            "markers": "python_version >= '3.6'",
            "version": "==2022.9.24"
        },
        "charset-normalizer": {
            "hashes": [
                "sha256:5a3d016c7c547f69d6f81fb0db9449ce888b418b5b9952cc5e6e66843e9dd845",
                "sha256:83e9a75d1911279afd89352c68b45348559d1fc0506b054b346651b5e7fee29f"
            ],
            "markers": "python_version >= '3.6'",
            "version": "==2.1.1"
        },
        "click": {
            "hashes": [
                "sha256:7682dc8afb30297001674575ea00d1814d808d6a36af415a82bd481d37ba7b8e",
                "sha256:bb4d8133cb15a609f44e8213d9b391b0809795062913b383c62be0ee95b1db48"
            ],
            "markers": "python_version >= '3.7'",
            "version": "==8.1.3"
        },
        "firebase-admin": {
            "hashes": [
                "sha256:7a610ab8e3f1c9c5344827f1a578ae26181c3121eb3223d16b17b11996c81f97",
                "sha256:bf62498cac973433dd1042cb9adb26c19ce2ebef699ecdd21279e1442262e774"
            ],
            "index": "pypi",
            "version": "==6.0.0"
        },
        "flask": {
            "hashes": [
                "sha256:642c450d19c4ad482f96729bd2a8f6d32554aa1e231f4f6b4e7e5264b16cca2b",
                "sha256:b9c46cc36662a7949f34b52d8ec7bb59c0d74ba08ba6cb9ce9adc1d8676d9526"
            ],
            "index": "pypi",
            "version": "==2.2.2"
        },
        "flask-admin": {
            "hashes": [
                "sha256:424ffc79b7b0dfff051555686ea12e86e48dffacac14beaa319fb4502ac40988"
            ],
            "index": "pypi",
            "version": "==1.6.0"
        },
        "flask-login": {
            "hashes": [
                "sha256:1ef79843f5eddd0f143c2cd994c1b05ac83c0401dc6234c143495af9a939613f",
                "sha256:c0a7baa9fdc448cdd3dd6f0939df72eec5177b2f7abe6cb82fc934d29caac9c3"
            ],
            "index": "pypi",
            "version": "==0.6.2"
        },
        "flask-mobility": {
            "hashes": [
                "sha256:1b4b75debb7745cddf2969e4f342cd26e6f9cc2f318bdde609d303694c9127ce",
                "sha256:479b7cbca67850edb6437ab353e167d927e879dad0228c731757e93e453052de"
            ],
            "index": "pypi",
            "version": "==1.1.0"
        },
        "flask-socketio": {
            "hashes": [
                "sha256:fd0ed0fc1341671d92d5f5b2f5503916deb7aa7e2940e6636cfa2c087c828bf9",
                "sha256:ff0c721f20bff1e2cfba77948727a8db48f187e89a72fe50c34478ce6efb3353"
            ],
            "index": "pypi",
            "version": "==5.3.1"
        },
        "flask-sqlalchemy": {
            "hashes": [
                "sha256:16199f5b3ddfb69e0df2f52ae4c76aedbfec823462349dabb21a1b2e0a2b65e9",
                "sha256:7d0cd9cf73e64a996bb881a1ebd01633fc5a6d11c36ea27f7b5e251dc45476e7"
            ],
            "index": "pypi",
            "version": "==3.0.2"
        },
        "google-api-core": {
            "extras": [
                "grpc"
            ],
            "hashes": [
                "sha256:10c06f7739fe57781f87523375e8e1a3a4674bf6392cd6131a3222182b971320",
                "sha256:34f24bd1d5f72a8c4519773d99ca6bf080a6c4e041b4e9f024fe230191dda62e"
            ],
            "markers": "platform_python_implementation != 'PyPy'",
            "version": "==2.10.2"
        },
        "google-api-python-client": {
            "hashes": [
                "sha256:0dc4c967a5c795e981af01340f1bd22173a986534de968b5456cb208ed6775a6",
                "sha256:90545cd71969f8bcf15a6362c2a8c44c38b94ec35a88cfd60cf2c0df68a5eb74"
            ],
            "markers": "python_version >= '3.7'",
            "version": "==2.64.0"
        },
        "google-auth": {
            "hashes": [
                "sha256:98f601773978c969e1769f97265e732a81a8e598da3263895023958d456ee625",
                "sha256:f12d86502ce0f2c0174e2e70ecc8d36c69593817e67e1d9c5e34489120422e4b"
            ],
            "markers": "python_version >= '2.7' and python_version not in '3.0, 3.1, 3.2, 3.3, 3.4, 3.5'",
            "version": "==2.12.0"
        },
        "google-auth-httplib2": {
            "hashes": [
                "sha256:31e49c36c6b5643b57e82617cb3e021e3e1d2df9da63af67252c02fa9c1f4a10",
                "sha256:a07c39fd632becacd3f07718dfd6021bf396978f03ad3ce4321d060015cc30ac"
            ],
            "version": "==0.1.0"
        },
        "google-cloud-core": {
            "hashes": [
                "sha256:8417acf6466be2fa85123441696c4badda48db314c607cf1e5d543fa8bdc22fe",
                "sha256:b9529ee7047fd8d4bf4a2182de619154240df17fbe60ead399078c1ae152af9a"
            ],
            "markers": "python_version >= '3.7'",
            "version": "==2.3.2"
        },
        "google-cloud-firestore": {
            "hashes": [
                "sha256:05debc0fa46e0894524d4b0db4b6102a935c8a3fc53c8686f8ad2044383e244f",
                "sha256:c8607a74b711c44baa3d81846e9388e43227a2cff520b5a6cde5cdf9c93f5be8"
            ],
            "markers": "platform_python_implementation != 'PyPy'",
            "version": "==2.7.2"
        },
        "google-cloud-storage": {
            "hashes": [
                "sha256:19a26c66c317ce542cea0830b7e787e8dac2588b6bfa4d3fd3b871ba16305ab0",
                "sha256:382f34b91de2212e3c2e7b40ec079d27ee2e3dbbae99b75b1bcd8c63063ce235"
            ],
            "markers": "python_version >= '3.7'",
            "version": "==2.5.0"
        },
        "google-crc32c": {
            "hashes": [
                "sha256:024894d9d3cfbc5943f8f230e23950cd4906b2fe004c72e29b209420a1e6b05a",
                "sha256:02c65b9817512edc6a4ae7c7e987fea799d2e0ee40c53ec573a692bee24de876",
                "sha256:02ebb8bf46c13e36998aeaad1de9b48f4caf545e91d14041270d9dca767b780c",
                "sha256:07eb3c611ce363c51a933bf6bd7f8e3878a51d124acfc89452a75120bc436289",
                "sha256:1034d91442ead5a95b5aaef90dbfaca8633b0247d1e41621d1e9f9db88c36298",
                "sha256:116a7c3c616dd14a3de8c64a965828b197e5f2d121fedd2f8c5585c547e87b02",
                "sha256:19e0a019d2c4dcc5e598cd4a4bc7b008546b0358bd322537c74ad47a5386884f",
                "sha256:1c7abdac90433b09bad6c43a43af253e688c9cfc1c86d332aed13f9a7c7f65e2",
                "sha256:1e986b206dae4476f41bcec1faa057851f3889503a70e1bdb2378d406223994a",
                "sha256:272d3892a1e1a2dbc39cc5cde96834c236d5327e2122d3aaa19f6614531bb6eb",
                "sha256:278d2ed7c16cfc075c91378c4f47924c0625f5fc84b2d50d921b18b7975bd210",
                "sha256:2ad40e31093a4af319dadf503b2467ccdc8f67c72e4bcba97f8c10cb078207b5",
                "sha256:2e920d506ec85eb4ba50cd4228c2bec05642894d4c73c59b3a2fe20346bd00ee",
                "sha256:3359fc442a743e870f4588fcf5dcbc1bf929df1fad8fb9905cd94e5edb02e84c",
                "sha256:37933ec6e693e51a5b07505bd05de57eee12f3e8c32b07da7e73669398e6630a",
                "sha256:398af5e3ba9cf768787eef45c803ff9614cc3e22a5b2f7d7ae116df8b11e3314",
                "sha256:3b747a674c20a67343cb61d43fdd9207ce5da6a99f629c6e2541aa0e89215bcd",
                "sha256:461665ff58895f508e2866824a47bdee72497b091c730071f2b7575d5762ab65",
                "sha256:4c6fdd4fccbec90cc8a01fc00773fcd5fa28db683c116ee3cb35cd5da9ef6c37",
                "sha256:5829b792bf5822fd0a6f6eb34c5f81dd074f01d570ed7f36aa101d6fc7a0a6e4",
                "sha256:596d1f98fc70232fcb6590c439f43b350cb762fb5d61ce7b0e9db4539654cc13",
                "sha256:5ae44e10a8e3407dbe138984f21e536583f2bba1be9491239f942c2464ac0894",
                "sha256:635f5d4dd18758a1fbd1049a8e8d2fee4ffed124462d837d1a02a0e009c3ab31",
                "sha256:64e52e2b3970bd891309c113b54cf0e4384762c934d5ae56e283f9a0afcd953e",
                "sha256:66741ef4ee08ea0b2cc3c86916ab66b6aef03768525627fd6a1b34968b4e3709",
                "sha256:67b741654b851abafb7bc625b6d1cdd520a379074e64b6a128e3b688c3c04740",
                "sha256:6ac08d24c1f16bd2bf5eca8eaf8304812f44af5cfe5062006ec676e7e1d50afc",
                "sha256:6f998db4e71b645350b9ac28a2167e6632c239963ca9da411523bb439c5c514d",
                "sha256:72218785ce41b9cfd2fc1d6a017dc1ff7acfc4c17d01053265c41a2c0cc39b8c",
                "sha256:74dea7751d98034887dbd821b7aae3e1d36eda111d6ca36c206c44478035709c",
                "sha256:759ce4851a4bb15ecabae28f4d2e18983c244eddd767f560165563bf9aefbc8d",
                "sha256:77e2fd3057c9d78e225fa0a2160f96b64a824de17840351b26825b0848022906",
                "sha256:7c074fece789b5034b9b1404a1f8208fc2d4c6ce9decdd16e8220c5a793e6f61",
                "sha256:7c42c70cd1d362284289c6273adda4c6af8039a8ae12dc451dcd61cdabb8ab57",
                "sha256:7f57f14606cd1dd0f0de396e1e53824c371e9544a822648cd76c034d209b559c",
                "sha256:83c681c526a3439b5cf94f7420471705bbf96262f49a6fe546a6db5f687a3d4a",
                "sha256:8485b340a6a9e76c62a7dce3c98e5f102c9219f4cfbf896a00cf48caf078d438",
                "sha256:84e6e8cd997930fc66d5bb4fde61e2b62ba19d62b7abd7a69920406f9ecca946",
                "sha256:89284716bc6a5a415d4eaa11b1726d2d60a0cd12aadf5439828353662ede9dd7",
                "sha256:8b87e1a59c38f275c0e3676fc2ab6d59eccecfd460be267ac360cc31f7bcde96",
                "sha256:8f24ed114432de109aa9fd317278518a5af2d31ac2ea6b952b2f7782b43da091",
                "sha256:98cb4d057f285bd80d8778ebc4fde6b4d509ac3f331758fb1528b733215443ae",
                "sha256:998679bf62b7fb599d2878aa3ed06b9ce688b8974893e7223c60db155f26bd8d",
                "sha256:9ba053c5f50430a3fcfd36f75aff9caeba0440b2d076afdb79a318d6ca245f88",
                "sha256:9c99616c853bb585301df6de07ca2cadad344fd1ada6d62bb30aec05219c45d2",
                "sha256:a1fd716e7a01f8e717490fbe2e431d2905ab8aa598b9b12f8d10abebb36b04dd",
                "sha256:a2355cba1f4ad8b6988a4ca3feed5bff33f6af2d7f134852cf279c2aebfde541",
                "sha256:b1f8133c9a275df5613a451e73f36c2aea4fe13c5c8997e22cf355ebd7bd0728",
                "sha256:b8667b48e7a7ef66afba2c81e1094ef526388d35b873966d8a9a447974ed9178",
                "sha256:ba1eb1843304b1e5537e1fca632fa894d6f6deca8d6389636ee5b4797affb968",
                "sha256:be82c3c8cfb15b30f36768797a640e800513793d6ae1724aaaafe5bf86f8f346",
                "sha256:c02ec1c5856179f171e032a31d6f8bf84e5a75c45c33b2e20a3de353b266ebd8",
                "sha256:c672d99a345849301784604bfeaeba4db0c7aae50b95be04dd651fd2a7310b93",
                "sha256:c6c777a480337ac14f38564ac88ae82d4cd238bf293f0a22295b66eb89ffced7",
                "sha256:cae0274952c079886567f3f4f685bcaf5708f0a23a5f5216fdab71f81a6c0273",
                "sha256:cd67cf24a553339d5062eff51013780a00d6f97a39ca062781d06b3a73b15462",
                "sha256:d3515f198eaa2f0ed49f8819d5732d70698c3fa37384146079b3799b97667a94",
                "sha256:d5280312b9af0976231f9e317c20e4a61cd2f9629b7bfea6a693d1878a264ebd",
                "sha256:de06adc872bcd8c2a4e0dc51250e9e65ef2ca91be023b9d13ebd67c2ba552e1e",
                "sha256:e1674e4307fa3024fc897ca774e9c7562c957af85df55efe2988ed9056dc4e57",
                "sha256:e2096eddb4e7c7bdae4bd69ad364e55e07b8316653234a56552d9c988bd2d61b",
                "sha256:e560628513ed34759456a416bf86b54b2476c59144a9138165c9a1575801d0d9",
                "sha256:edfedb64740750e1a3b16152620220f51d58ff1b4abceb339ca92e934775c27a",
                "sha256:f13cae8cc389a440def0c8c52057f37359014ccbc9dc1f0827936bcd367c6100",
                "sha256:f314013e7dcd5cf45ab1945d92e713eec788166262ae8deb2cfacd53def27325",
                "sha256:f583edb943cf2e09c60441b910d6a20b4d9d626c75a36c8fcac01a6c96c01183",
                "sha256:fd8536e902db7e365f49e7d9029283403974ccf29b13fc7028b97e2295b33556",
                "sha256:fe70e325aa68fa4b5edf7d1a4b6f691eb04bbccac0ace68e34820d283b5f80d4"
            ],
            "markers": "python_version >= '3.7'",
            "version": "==1.5.0"
        },
        "google-resumable-media": {
            "hashes": [
                "sha256:2aa004c16d295c8f6c33b2b4788ba59d366677c0a25ae7382436cb30f776deaa",
                "sha256:8d5518502f92b9ecc84ac46779bd4f09694ecb3ba38a3e7ca737a86d15cbca1f"
            ],
            "markers": "python_version >= '3.7'",
            "version": "==2.4.0"
        },
        "googleapis-common-protos": {
            "hashes": [
                "sha256:8eb2cbc91b69feaf23e32452a7ae60e791e09967d81d4fcc7fc388182d1bd394",
                "sha256:c25873c47279387cfdcbdafa36149887901d36202cb645a0e4f29686bf6e4417"
            ],
            "markers": "python_version >= '3.7'",
            "version": "==1.56.4"
        },
        "greenlet": {
            "hashes": [
                "sha256:0120a879aa2b1ac5118bce959ea2492ba18783f65ea15821680a256dfad04754",
                "sha256:025b8de2273d2809f027d347aa2541651d2e15d593bbce0d5f502ca438c54136",
                "sha256:05ae7383f968bba4211b1fbfc90158f8e3da86804878442b4fb6c16ccbcaa519",
                "sha256:0914f02fcaa8f84f13b2df4a81645d9e82de21ed95633765dd5cc4d3af9d7403",
                "sha256:0971d37ae0eaf42344e8610d340aa0ad3d06cd2eee381891a10fe771879791f9",
                "sha256:0a954002064ee919b444b19c1185e8cce307a1f20600f47d6f4b6d336972c809",
                "sha256:0aa1845944e62f358d63fcc911ad3b415f585612946b8edc824825929b40e59e",
                "sha256:104f29dd822be678ef6b16bf0035dcd43206a8a48668a6cae4d2fe9c7a7abdeb",
                "sha256:11fc7692d95cc7a6a8447bb160d98671ab291e0a8ea90572d582d57361360f05",
                "sha256:17a69967561269b691747e7f436d75a4def47e5efcbc3c573180fc828e176d80",
                "sha256:2794eef1b04b5ba8948c72cc606aab62ac4b0c538b14806d9c0d88afd0576d6b",
                "sha256:2c6e942ca9835c0b97814d14f78da453241837419e0d26f7403058e8db3e38f8",
                "sha256:2ccdc818cc106cc238ff7eba0d71b9c77be868fdca31d6c3b1347a54c9b187b2",
                "sha256:325f272eb997916b4a3fc1fea7313a8adb760934c2140ce13a2117e1b0a8095d",
                "sha256:39464518a2abe9c505a727af7c0b4efff2cf242aa168be5f0daa47649f4d7ca8",
                "sha256:3a24f3213579dc8459e485e333330a921f579543a5214dbc935bc0763474ece3",
                "sha256:3aeac044c324c1a4027dca0cde550bd83a0c0fbff7ef2c98df9e718a5086c194",
                "sha256:3c22998bfef3fcc1b15694818fc9b1b87c6cc8398198b96b6d355a7bcb8c934e",
                "sha256:467b73ce5dcd89e381292fb4314aede9b12906c18fab903f995b86034d96d5c8",
                "sha256:4a8b58232f5b72973350c2b917ea3df0bebd07c3c82a0a0e34775fc2c1f857e9",
                "sha256:4f74aa0092602da2069df0bc6553919a15169d77bcdab52a21f8c5242898f519",
                "sha256:5662492df0588a51d5690f6578f3bbbd803e7f8d99a99f3bf6128a401be9c269",
                "sha256:5c2d21c2b768d8c86ad935e404cc78c30d53dea009609c3ef3a9d49970c864b5",
                "sha256:5edf75e7fcfa9725064ae0d8407c849456553a181ebefedb7606bac19aa1478b",
                "sha256:60839ab4ea7de6139a3be35b77e22e0398c270020050458b3d25db4c7c394df5",
                "sha256:62723e7eb85fa52e536e516ee2ac91433c7bb60d51099293671815ff49ed1c21",
                "sha256:64e10f303ea354500c927da5b59c3802196a07468332d292aef9ddaca08d03dd",
                "sha256:66aa4e9a726b70bcbfcc446b7ba89c8cec40f405e51422c39f42dfa206a96a05",
                "sha256:695d0d8b5ae42c800f1763c9fce9d7b94ae3b878919379150ee5ba458a460d57",
                "sha256:70048d7b2c07c5eadf8393e6398595591df5f59a2f26abc2f81abca09610492f",
                "sha256:7afa706510ab079fd6d039cc6e369d4535a48e202d042c32e2097f030a16450f",
                "sha256:7cf37343e43404699d58808e51f347f57efd3010cc7cee134cdb9141bd1ad9ea",
                "sha256:8149a6865b14c33be7ae760bcdb73548bb01e8e47ae15e013bf7ef9290ca309a",
                "sha256:814f26b864ed2230d3a7efe0336f5766ad012f94aad6ba43a7c54ca88dd77cba",
                "sha256:82a38d7d2077128a017094aff334e67e26194f46bd709f9dcdacbf3835d47ef5",
                "sha256:83a7a6560df073ec9de2b7cb685b199dfd12519bc0020c62db9d1bb522f989fa",
                "sha256:8415239c68b2ec9de10a5adf1130ee9cb0ebd3e19573c55ba160ff0ca809e012",
                "sha256:88720794390002b0c8fa29e9602b395093a9a766b229a847e8d88349e418b28a",
                "sha256:890f633dc8cb307761ec566bc0b4e350a93ddd77dc172839be122be12bae3e10",
                "sha256:8926a78192b8b73c936f3e87929931455a6a6c6c385448a07b9f7d1072c19ff3",
                "sha256:8c0581077cf2734569f3e500fab09c0ff6a2ab99b1afcacbad09b3c2843ae743",
                "sha256:8fda1139d87ce5f7bd80e80e54f9f2c6fe2f47983f1a6f128c47bf310197deb6",
                "sha256:91a84faf718e6f8b888ca63d0b2d6d185c8e2a198d2a7322d75c303e7097c8b7",
                "sha256:924df1e7e5db27d19b1359dc7d052a917529c95ba5b8b62f4af611176da7c8ad",
                "sha256:949c9061b8c6d3e6e439466a9be1e787208dec6246f4ec5fffe9677b4c19fcc3",
                "sha256:9649891ab4153f217f319914455ccf0b86986b55fc0573ce803eb998ad7d6854",
                "sha256:96656c5f7c95fc02c36d4f6ef32f4e94bb0b6b36e6a002c21c39785a4eec5f5d",
                "sha256:a812df7282a8fc717eafd487fccc5ba40ea83bb5b13eb3c90c446d88dbdfd2be",
                "sha256:a8d24eb5cb67996fb84633fdc96dbc04f2d8b12bfcb20ab3222d6be271616b67",
                "sha256:bef49c07fcb411c942da6ee7d7ea37430f830c482bf6e4b72d92fd506dd3a427",
                "sha256:bffba15cff4802ff493d6edcf20d7f94ab1c2aee7cfc1e1c7627c05f1102eee8",
                "sha256:c0643250dd0756f4960633f5359884f609a234d4066686754e834073d84e9b51",
                "sha256:c6f90234e4438062d6d09f7d667f79edcc7c5e354ba3a145ff98176f974b8132",
                "sha256:c8c9301e3274276d3d20ab6335aa7c5d9e5da2009cccb01127bddb5c951f8870",
                "sha256:c8ece5d1a99a2adcb38f69af2f07d96fb615415d32820108cd340361f590d128",
                "sha256:cb863057bed786f6622982fb8b2c122c68e6e9eddccaa9fa98fd937e45ee6c4f",
                "sha256:ccbe7129a282ec5797df0451ca1802f11578be018a32979131065565da89b392",
                "sha256:d25cdedd72aa2271b984af54294e9527306966ec18963fd032cc851a725ddc1b",
                "sha256:d75afcbb214d429dacdf75e03a1d6d6c5bd1fa9c35e360df8ea5b6270fb2211c",
                "sha256:d7815e1519a8361c5ea2a7a5864945906f8e386fa1bc26797b4d443ab11a4589",
                "sha256:eb6ac495dccb1520667cfea50d89e26f9ffb49fa28496dea2b95720d8b45eb54",
                "sha256:ec615d2912b9ad807afd3be80bf32711c0ff9c2b00aa004a45fd5d5dde7853d9",
                "sha256:f5e09dc5c6e1796969fd4b775ea1417d70e49a5df29aaa8e5d10675d9e11872c",
                "sha256:f6661b58412879a2aa099abb26d3c93e91dedaba55a6394d1fb1512a77e85de9",
                "sha256:f7d20c3267385236b4ce54575cc8e9f43e7673fc761b069c820097092e318e3b",
                "sha256:fe7c51f8a2ab616cb34bc33d810c887e89117771028e1e3d3b77ca25ddeace04"
            ],
            "markers": "python_version >= '3' and platform_machine == 'aarch64' or (platform_machine == 'ppc64le' or (platform_machine == 'x86_64' or (platform_machine == 'amd64' or (platform_machine == 'AMD64' or (platform_machine == 'win32' or platform_machine == 'WIN32')))))",
            "version": "==1.1.3.post0"
        },
        "grpcio": {
            "hashes": [
                "sha256:075f2d06e3db6b48a2157a1bcd52d6cbdca980dd18988fe6afdb41795d51625f",
                "sha256:08ff74aec8ff457a89b97152d36cb811dcc1d17cd5a92a65933524e363327394",
                "sha256:0b24a74651438d45619ac67004638856f76cc13d78b7478f2457754cbcb1c8ad",
                "sha256:0e20d59aafc086b1cc68400463bddda6e41d3e5ed30851d1e2e0f6a2e7e342d3",
                "sha256:120fecba2ec5d14b5a15d11063b39783fda8dc8d24addd83196acb6582cabd9b",
                "sha256:17bb6fe72784b630728c6cff9c9d10ccc3b6d04e85da6e0a7b27fb1d135fac62",
                "sha256:18305d5a082d1593b005a895c10041f833b16788e88b02bb81061f5ebcc465df",
                "sha256:196082b9c89ebf0961dcd77cb114bed8171964c8e3063b9da2fb33536a6938ed",
                "sha256:1c66a25afc6c71d357867b341da594a5587db5849b48f4b7d5908d236bb62ede",
                "sha256:1cc400c8a2173d1c042997d98a9563e12d9bb3fb6ad36b7f355bc77c7663b8af",
                "sha256:2070e87d95991473244c72d96d13596c751cb35558e11f5df5414981e7ed2492",
                "sha256:2106d9c16527f0a85e2eea6e6b91a74fc99579c60dd810d8690843ea02bc0f5f",
                "sha256:221d42c654d2a41fa31323216279c73ed17d92f533bc140a3390cc1bd78bf63c",
                "sha256:274ffbb39717918c514b35176510ae9be06e1d93121e84d50b350861dcb9a705",
                "sha256:2f2ff7ba0f8f431f32d4b4bc3a3713426949d3533b08466c4ff1b2b475932ca8",
                "sha256:34f736bd4d0deae90015c0e383885b431444fe6b6c591dea288173df20603146",
                "sha256:46d93a1b4572b461a227f1db6b8d35a88952db1c47e5fadcf8b8a2f0e1dd9201",
                "sha256:49b301740cf5bc8fed4fee4c877570189ae3951432d79fa8e524b09353659811",
                "sha256:4fcedcab49baaa9db4a2d240ac81f2d57eb0052b1c6a9501b46b8ae912720fbf",
                "sha256:5207f4eed1b775d264fcfe379d8541e1c43b878f2b63c0698f8f5c56c40f3d68",
                "sha256:52dd02b7e7868233c571b49bc38ebd347c3bb1ff8907bb0cb74cb5f00c790afc",
                "sha256:5f8b3a971c7820ea9878f3fd70086240a36aeee15d1b7e9ecbc2743b0e785568",
                "sha256:64419cb8a5b612cdb1550c2fd4acbb7d4fb263556cf4625f25522337e461509e",
                "sha256:6b6c3a95d27846f4145d6967899b3ab25fffc6ae99544415e1adcacef84842d2",
                "sha256:6fd0c9cede9552bf00f8c5791d257d5bf3790d7057b26c59df08be5e7a1e021d",
                "sha256:822ceec743d42a627e64ea266059a62d214c5a3cdfcd0d7fe2b7a8e4e82527c7",
                "sha256:8a5272061826e6164f96e3255405ef6f73b88fd3e8bef464c7d061af8585ac62",
                "sha256:8c9f89c42749890618cd3c2464e1fbf88446e3d2f67f1e334c8e5db2f3272bbd",
                "sha256:9b449e966ef518ce9c860d21f8afe0b0f055220d95bc710301752ac1db96dd6a",
                "sha256:9fb17ff8c0d56099ac6ebfa84f670c5a62228d6b5c695cf21c02160c2ac1446b",
                "sha256:a4f9ba141380abde6c3adc1727f21529137a2552002243fa87c41a07e528245c",
                "sha256:a7d0017b92d3850abea87c1bdec6ea41104e71c77bca44c3e17f175c6700af62",
                "sha256:aa34d2ad9f24e47fa9a3172801c676e4037d862247e39030165fe83821a7aafd",
                "sha256:afbb3475cf7f4f7d380c2ca37ee826e51974f3e2665613996a91d6a58583a534",
                "sha256:b6a1b39e59ac5a3067794a0e498911cf2e37e4b19ee9e9977dc5e7051714f13f",
                "sha256:cf0a1fb18a7204b9c44623dfbd1465b363236ce70c7a4ed30402f9f60d8b743b",
                "sha256:d0d402e158d4e84e49c158cb5204119d55e1baf363ee98d6cb5dce321c3a065d",
                "sha256:d4725fc9ec8e8822906ae26bb26f5546891aa7fbc3443de970cc556d43a5c99f",
                "sha256:dc79b2b37d779ac42341ddef40ad5bf0966a64af412c89fc2b062e3ddabb093f",
                "sha256:e1e83233d4680863a421f3ee4a7a9b80d33cd27ee9ed7593bc93f6128302d3f2",
                "sha256:ea9d0172445241ad7cb49577314e39d0af2c5267395b3561d7ced5d70458a9f3",
                "sha256:f1a3b88e3c53c1a6e6bed635ec1bbb92201bb6a1f2db186179f7f3f244829788",
                "sha256:fa9e6e61391e99708ac87fc3436f6b7b9c6b845dc4639b406e5e61901e1aacde",
                "sha256:fd86040232e805b8e6378b2348c928490ee595b058ce9aaa27ed8e4b0f172b20",
                "sha256:fe763781669790dc8b9618e7e677c839c87eae6cf28b655ee1fa69ae04eea03f"
            ],
            "version": "==1.49.1"
        },
        "grpcio-status": {
            "hashes": [
                "sha256:658f48dc146ee0c7b6eebd302d74e0d45c00727c20035ff51d68750dbaccf5d9",
                "sha256:fe4ae9f624f03e50ccf6f6ead60727ab20b17735bb3d0dd506ef355349282378"
            ],
            "version": "==1.49.1"
        },
        "httplib2": {
            "hashes": [
                "sha256:58a98e45b4b1a48273073f905d2961666ecf0fbac4250ea5b47aef259eb5c585",
                "sha256:8b6a905cb1c79eefd03f8669fd993c36dc341f7c558f056cb5a33b5c2f458543"
            ],
            "markers": "python_version >= '2.7' and python_version not in '3.0, 3.1, 3.2, 3.3'",
            "version": "==0.20.4"
        },
        "idna": {
            "hashes": [
                "sha256:814f528e8dead7d329833b91c5faa87d60bf71824cd12a7530b5526063d02cb4",
                "sha256:90b77e79eaa3eba6de819a0c442c0b4ceefc341a7a2ab77d7562bf49f425c5c2"
            ],
            "markers": "python_version >= '3.5'",
            "version": "==3.4"
        },
        "iniconfig": {
            "hashes": [
                "sha256:011e24c64b7f47f6ebd835bb12a743f2fbe9a26d4cecaa7f53bc4f35ee9da8b3",
                "sha256:bc3af051d7d14b2ee5ef9969666def0cd1a000e121eaea580d4a313df4b37f32"
            ],
            "version": "==1.1.1"
        },
        "itsdangerous": {
            "hashes": [
                "sha256:2c2349112351b88699d8d4b6b075022c0808887cb7ad10069318a8b0bc88db44",
                "sha256:5dbbc68b317e5e42f327f9021763545dc3fc3bfe22e6deb96aaf1fc38874156a"
            ],
            "markers": "python_version >= '3.7'",
            "version": "==2.1.2"
        },
        "jinja2": {
            "hashes": [
                "sha256:31351a702a408a9e7595a8fc6150fc3f43bb6bf7e319770cbc0db9df9437e852",
                "sha256:6088930bfe239f0e6710546ab9c19c9ef35e29792895fed6e6e31a023a182a61"
            ],
            "markers": "python_version >= '3.7'",
            "version": "==3.1.2"
        },
        "markupsafe": {
            "hashes": [
                "sha256:0212a68688482dc52b2d45013df70d169f542b7394fc744c02a57374a4207003",
                "sha256:089cf3dbf0cd6c100f02945abeb18484bd1ee57a079aefd52cffd17fba910b88",
                "sha256:10c1bfff05d95783da83491be968e8fe789263689c02724e0c691933c52994f5",
                "sha256:33b74d289bd2f5e527beadcaa3f401e0df0a89927c1559c8566c066fa4248ab7",
                "sha256:3799351e2336dc91ea70b034983ee71cf2f9533cdff7c14c90ea126bfd95d65a",
                "sha256:3ce11ee3f23f79dbd06fb3d63e2f6af7b12db1d46932fe7bd8afa259a5996603",
                "sha256:421be9fbf0ffe9ffd7a378aafebbf6f4602d564d34be190fc19a193232fd12b1",
                "sha256:43093fb83d8343aac0b1baa75516da6092f58f41200907ef92448ecab8825135",
                "sha256:46d00d6cfecdde84d40e572d63735ef81423ad31184100411e6e3388d405e247",
                "sha256:4a33dea2b688b3190ee12bd7cfa29d39c9ed176bda40bfa11099a3ce5d3a7ac6",
                "sha256:4b9fe39a2ccc108a4accc2676e77da025ce383c108593d65cc909add5c3bd601",
                "sha256:56442863ed2b06d19c37f94d999035e15ee982988920e12a5b4ba29b62ad1f77",
                "sha256:671cd1187ed5e62818414afe79ed29da836dde67166a9fac6d435873c44fdd02",
                "sha256:694deca8d702d5db21ec83983ce0bb4b26a578e71fbdbd4fdcd387daa90e4d5e",
                "sha256:6a074d34ee7a5ce3effbc526b7083ec9731bb3cbf921bbe1d3005d4d2bdb3a63",
                "sha256:6d0072fea50feec76a4c418096652f2c3238eaa014b2f94aeb1d56a66b41403f",
                "sha256:6fbf47b5d3728c6aea2abb0589b5d30459e369baa772e0f37a0320185e87c980",
                "sha256:7f91197cc9e48f989d12e4e6fbc46495c446636dfc81b9ccf50bb0ec74b91d4b",
                "sha256:86b1f75c4e7c2ac2ccdaec2b9022845dbb81880ca318bb7a0a01fbf7813e3812",
                "sha256:8dc1c72a69aa7e082593c4a203dcf94ddb74bb5c8a731e4e1eb68d031e8498ff",
                "sha256:8e3dcf21f367459434c18e71b2a9532d96547aef8a871872a5bd69a715c15f96",
                "sha256:8e576a51ad59e4bfaac456023a78f6b5e6e7651dcd383bcc3e18d06f9b55d6d1",
                "sha256:96e37a3dc86e80bf81758c152fe66dbf60ed5eca3d26305edf01892257049925",
                "sha256:97a68e6ada378df82bc9f16b800ab77cbf4b2fada0081794318520138c088e4a",
                "sha256:99a2a507ed3ac881b975a2976d59f38c19386d128e7a9a18b7df6fff1fd4c1d6",
                "sha256:a49907dd8420c5685cfa064a1335b6754b74541bbb3706c259c02ed65b644b3e",
                "sha256:b09bf97215625a311f669476f44b8b318b075847b49316d3e28c08e41a7a573f",
                "sha256:b7bd98b796e2b6553da7225aeb61f447f80a1ca64f41d83612e6139ca5213aa4",
                "sha256:b87db4360013327109564f0e591bd2a3b318547bcef31b468a92ee504d07ae4f",
                "sha256:bcb3ed405ed3222f9904899563d6fc492ff75cce56cba05e32eff40e6acbeaa3",
                "sha256:d4306c36ca495956b6d568d276ac11fdd9c30a36f1b6eb928070dc5360b22e1c",
                "sha256:d5ee4f386140395a2c818d149221149c54849dfcfcb9f1debfe07a8b8bd63f9a",
                "sha256:dda30ba7e87fbbb7eab1ec9f58678558fd9a6b8b853530e176eabd064da81417",
                "sha256:e04e26803c9c3851c931eac40c695602c6295b8d432cbe78609649ad9bd2da8a",
                "sha256:e1c0b87e09fa55a220f058d1d49d3fb8df88fbfab58558f1198e08c1e1de842a",
                "sha256:e72591e9ecd94d7feb70c1cbd7be7b3ebea3f548870aa91e2732960fa4d57a37",
                "sha256:e8c843bbcda3a2f1e3c2ab25913c80a3c5376cd00c6e8c4a86a89a28c8dc5452",
                "sha256:efc1913fd2ca4f334418481c7e595c00aad186563bbc1ec76067848c7ca0a933",
                "sha256:f121a1420d4e173a5d96e47e9a0c0dcff965afdf1626d28de1460815f7c4ee7a",
                "sha256:fc7b548b17d238737688817ab67deebb30e8073c95749d55538ed473130ec0c7"
            ],
            "markers": "python_version >= '3.7'",
            "version": "==2.1.1"
        },
        "msgpack": {
            "hashes": [
                "sha256:002b5c72b6cd9b4bafd790f364b8480e859b4712e91f43014fe01e4f957b8467",
                "sha256:0a68d3ac0104e2d3510de90a1091720157c319ceeb90d74f7b5295a6bee51bae",
                "sha256:0df96d6eaf45ceca04b3f3b4b111b86b33785683d682c655063ef8057d61fd92",
                "sha256:0dfe3947db5fb9ce52aaea6ca28112a170db9eae75adf9339a1aec434dc954ef",
                "sha256:0e3590f9fb9f7fbc36df366267870e77269c03172d086fa76bb4eba8b2b46624",
                "sha256:11184bc7e56fd74c00ead4f9cc9a3091d62ecb96e97653add7a879a14b003227",
                "sha256:112b0f93202d7c0fef0b7810d465fde23c746a2d482e1e2de2aafd2ce1492c88",
                "sha256:1276e8f34e139aeff1c77a3cefb295598b504ac5314d32c8c3d54d24fadb94c9",
                "sha256:1576bd97527a93c44fa856770197dec00d223b0b9f36ef03f65bac60197cedf8",
                "sha256:1e91d641d2bfe91ba4c52039adc5bccf27c335356055825c7f88742c8bb900dd",
                "sha256:26b8feaca40a90cbe031b03d82b2898bf560027160d3eae1423f4a67654ec5d6",
                "sha256:2999623886c5c02deefe156e8f869c3b0aaeba14bfc50aa2486a0415178fce55",
                "sha256:2a2df1b55a78eb5f5b7d2a4bb221cd8363913830145fad05374a80bf0877cb1e",
                "sha256:2bb8cdf50dd623392fa75525cce44a65a12a00c98e1e37bf0fb08ddce2ff60d2",
                "sha256:2cc5ca2712ac0003bcb625c96368fd08a0f86bbc1a5578802512d87bc592fe44",
                "sha256:35bc0faa494b0f1d851fd29129b2575b2e26d41d177caacd4206d81502d4c6a6",
                "sha256:3c11a48cf5e59026ad7cb0dc29e29a01b5a66a3e333dc11c04f7e991fc5510a9",
                "sha256:449e57cc1ff18d3b444eb554e44613cffcccb32805d16726a5494038c3b93dab",
                "sha256:462497af5fd4e0edbb1559c352ad84f6c577ffbbb708566a0abaaa84acd9f3ae",
                "sha256:4733359808c56d5d7756628736061c432ded018e7a1dff2d35a02439043321aa",
                "sha256:48f5d88c99f64c456413d74a975bd605a9b0526293218a3b77220a2c15458ba9",
                "sha256:49565b0e3d7896d9ea71d9095df15b7f75a035c49be733051c34762ca95bbf7e",
                "sha256:4ab251d229d10498e9a2f3b1e68ef64cb393394ec477e3370c457f9430ce9250",
                "sha256:4d5834a2a48965a349da1c5a79760d94a1a0172fbb5ab6b5b33cbf8447e109ce",
                "sha256:4dea20515f660aa6b7e964433b1808d098dcfcabbebeaaad240d11f909298075",
                "sha256:545e3cf0cf74f3e48b470f68ed19551ae6f9722814ea969305794645da091236",
                "sha256:63e29d6e8c9ca22b21846234913c3466b7e4ee6e422f205a2988083de3b08cae",
                "sha256:6916c78f33602ecf0509cc40379271ba0f9ab572b066bd4bdafd7434dee4bc6e",
                "sha256:6a4192b1ab40f8dca3f2877b70e63799d95c62c068c84dc028b40a6cb03ccd0f",
                "sha256:6c9566f2c39ccced0a38d37c26cc3570983b97833c365a6044edef3574a00c08",
                "sha256:76ee788122de3a68a02ed6f3a16bbcd97bc7c2e39bd4d94be2f1821e7c4a64e6",
                "sha256:7760f85956c415578c17edb39eed99f9181a48375b0d4a94076d84148cf67b2d",
                "sha256:77ccd2af37f3db0ea59fb280fa2165bf1b096510ba9fe0cc2bf8fa92a22fdb43",
                "sha256:81fc7ba725464651190b196f3cd848e8553d4d510114a954681fd0b9c479d7e1",
                "sha256:85f279d88d8e833ec015650fd15ae5eddce0791e1e8a59165318f371158efec6",
                "sha256:9667bdfdf523c40d2511f0e98a6c9d3603be6b371ae9a238b7ef2dc4e7a427b0",
                "sha256:a75dfb03f8b06f4ab093dafe3ddcc2d633259e6c3f74bb1b01996f5d8aa5868c",
                "sha256:ac5bd7901487c4a1dd51a8c58f2632b15d838d07ceedaa5e4c080f7190925bff",
                "sha256:aca0f1644d6b5a73eb3e74d4d64d5d8c6c3d577e753a04c9e9c87d07692c58db",
                "sha256:b17be2478b622939e39b816e0aa8242611cc8d3583d1cd8ec31b249f04623243",
                "sha256:c1683841cd4fa45ac427c18854c3ec3cd9b681694caf5bff04edb9387602d661",
                "sha256:c23080fdeec4716aede32b4e0ef7e213c7b1093eede9ee010949f2a418ced6ba",
                "sha256:d5b5b962221fa2c5d3a7f8133f9abffc114fe218eb4365e40f17732ade576c8e",
                "sha256:d603de2b8d2ea3f3bcb2efe286849aa7a81531abc52d8454da12f46235092bcb",
                "sha256:e83f80a7fec1a62cf4e6c9a660e39c7f878f603737a0cdac8c13131d11d97f52",
                "sha256:eb514ad14edf07a1dbe63761fd30f89ae79b42625731e1ccf5e1f1092950eaa6",
                "sha256:eba96145051ccec0ec86611fe9cf693ce55f2a3ce89c06ed307de0e085730ec1",
                "sha256:ed6f7b854a823ea44cf94919ba3f727e230da29feb4a99711433f25800cf747f",
                "sha256:f0029245c51fd9473dc1aede1160b0a29f4a912e6b1dd353fa6d317085b219da",
                "sha256:f5d869c18f030202eb412f08b28d2afeea553d6613aee89e200d7aca7ef01f5f",
                "sha256:fb62ea4b62bfcb0b380d5680f9a4b3f9a2d166d9394e9bbd9666c0ee09a3645c",
                "sha256:fcb8a47f43acc113e24e910399376f7277cf8508b27e5b88499f053de6b115a8"
            ],
            "version": "==1.0.4"
        },
        "packaging": {
            "hashes": [
                "sha256:dd47c42927d89ab911e606518907cc2d3a1f38bbd026385970643f9c5b8ecfeb",
                "sha256:ef103e05f519cdc783ae24ea4e2e0f508a9c99b2d4969652eed6a2e1ea5bd522"
            ],
            "markers": "python_version >= '3.6'",
            "version": "==21.3"
        },
        "pluggy": {
            "hashes": [
                "sha256:4224373bacce55f955a878bf9cfa763c1e360858e330072059e10bad68531159",
                "sha256:74134bbf457f031a36d68416e1509f34bd5ccc019f0bcc952c7b909d06b37bd3"
            ],
            "markers": "python_version >= '3.6'",
            "version": "==1.0.0"
        },
        "proto-plus": {
            "hashes": [
                "sha256:6c7dfd122dfef8019ff654746be4f5b1d9c80bba787fe9611b508dd88be3a2fa",
                "sha256:ea8982669a23c379f74495bc48e3dcb47c822c484ce8ee1d1d7beb339d4e34c5"
            ],
            "markers": "python_version >= '3.6'",
            "version": "==1.22.1"
        },
        "protobuf": {
            "hashes": [
                "sha256:3ec85328a35a16463c6f419dbce3c0fc42b3e904d966f17f48bae39597c7a543",
                "sha256:58b81358ec6c0b5d50df761460ae2db58405c063fd415e1101209221a0a810e1",
                "sha256:71d9dba03ed3432c878a801e2ea51e034b0ea01cf3a4344fb60166cb5f6c8757",
                "sha256:8066322588d4b499869bf9f665ebe448e793036b552f68c585a9b28f1e393f66",
                "sha256:8e09d1916386eca1ef1353767b6efcebc0a6859ed7f73cb7fb974feba3184830",
                "sha256:9643684232b6b340b5e63bb69c9b4904cdd39e4303d498d1a92abddc7e895b7f",
                "sha256:9e355f2a839d9930d83971b9f562395e13493f0e9211520f8913bd11efa53c02",
                "sha256:a74d96cd960b87b4b712797c741bb3ea3a913f5c2dc4b6cbe9c0f8360b75297d",
                "sha256:b019c79e23a80735cc8a71b95f76a49a262f579d6b84fd20a0b82279f40e2cc1",
                "sha256:c7cb105d69a87416bd9023e64324e1c089593e6dae64d2536f06bcbe49cd97d8",
                "sha256:ca200645d6235ce0df3ccfdff1567acbab35c4db222a97357806e015f85b5744",
                "sha256:d3f89ccf7182293feba2de2739c8bf34fed1ed7c65a5cf987be00311acac57c1",
                "sha256:db9056b6a11cb5131036d734bcbf91ef3ef9235d6b681b2fc431cbfe5a7f2e56",
                "sha256:f370c0a71712f8965023dd5b13277444d3cdfecc96b2c778b0e19acbfd60df6e"
            ],
            "markers": "python_version >= '3.7'",
            "version": "==4.21.7"
        },
        "py": {
            "hashes": [
                "sha256:51c75c4126074b472f746a24399ad32f6053d1b34b68d2fa41e558e6f4a98719",
                "sha256:607c53218732647dff4acdfcd50cb62615cedf612e72d1724fb1a0cc6405b378"
            ],
            "markers": "python_version >= '2.7' and python_version not in '3.0, 3.1, 3.2, 3.3, 3.4'",
            "version": "==1.11.0"
        },
        "pyasn1": {
            "hashes": [
                "sha256:014c0e9976956a08139dc0712ae195324a75e142284d5f87f1a87ee1b068a359",
                "sha256:03840c999ba71680a131cfaee6fab142e1ed9bbd9c693e285cc6aca0d555e576",
                "sha256:0458773cfe65b153891ac249bcf1b5f8f320b7c2ce462151f8fa74de8934becf",
                "sha256:08c3c53b75eaa48d71cf8c710312316392ed40899cb34710d092e96745a358b7",
                "sha256:39c7e2ec30515947ff4e87fb6f456dfc6e84857d34be479c9d4a4ba4bf46aa5d",
                "sha256:5c9414dcfede6e441f7e8f81b43b34e834731003427e5b09e4e00e3172a10f00",
                "sha256:6e7545f1a61025a4e58bb336952c5061697da694db1cae97b116e9c46abcf7c8",
                "sha256:78fa6da68ed2727915c4767bb386ab32cdba863caa7dbe473eaae45f9959da86",
                "sha256:7ab8a544af125fb704feadb008c99a88805126fb525280b2270bb25cc1d78a12",
                "sha256:99fcc3c8d804d1bc6d9a099921e39d827026409a58f2a720dcdb89374ea0c776",
                "sha256:aef77c9fb94a3ac588e87841208bdec464471d9871bd5050a287cc9a475cd0ba",
                "sha256:e89bf84b5437b532b0803ba5c9a5e054d21fec423a89952a74f87fa2c9b7bce2",
                "sha256:fec3e9d8e36808a28efb59b489e4528c10ad0f480e57dcc32b4de5c9d8c9fdf3"
            ],
            "version": "==0.4.8"
        },
        "pyasn1-modules": {
            "hashes": [
                "sha256:0845a5582f6a02bb3e1bde9ecfc4bfcae6ec3210dd270522fee602365430c3f8",
                "sha256:0fe1b68d1e486a1ed5473f1302bd991c1611d319bba158e98b106ff86e1d7199",
                "sha256:15b7c67fabc7fc240d87fb9aabf999cf82311a6d6fb2c70d00d3d0604878c811",
                "sha256:426edb7a5e8879f1ec54a1864f16b882c2837bfd06eee62f2c982315ee2473ed",
                "sha256:65cebbaffc913f4fe9e4808735c95ea22d7a7775646ab690518c056784bc21b4",
                "sha256:905f84c712230b2c592c19470d3ca8d552de726050d1d1716282a1f6146be65e",
                "sha256:a50b808ffeb97cb3601dd25981f6b016cbb3d31fbf57a8b8a87428e6158d0c74",
                "sha256:a99324196732f53093a84c4369c996713eb8c89d360a496b599fb1a9c47fc3eb",
                "sha256:b80486a6c77252ea3a3e9b1e360bc9cf28eaac41263d173c032581ad2f20fe45",
                "sha256:c29a5e5cc7a3f05926aff34e097e84f8589cd790ce0ed41b67aed6857b26aafd",
                "sha256:cbac4bc38d117f2a49aeedec4407d23e8866ea4ac27ff2cf7fb3e5b570df19e0",
                "sha256:f39edd8c4ecaa4556e989147ebf219227e2cd2e8a43c7e7fcb1f1c18c5fd6a3d",
                "sha256:fe0644d9ab041506b62782e92b06b8c68cca799e1a9636ec398675459e031405"
            ],
            "version": "==0.2.8"
        },
        "pyparsing": {
            "hashes": [
                "sha256:2b020ecf7d21b687f219b71ecad3631f644a47f01403fa1d1036b0c6416d70fb",
                "sha256:5026bae9a10eeaefb61dab2f09052b9f4307d44aee4eda64b309723d8d206bbc"
            ],
            "markers": "python_version >= '3.1'",
            "version": "==3.0.9"
        },
        "pytest": {
            "hashes": [
                "sha256:1377bda3466d70b55e3f5cecfa55bb7cfcf219c7964629b967c37cf0bda818b7",
                "sha256:4f365fec2dff9c1162f834d9f18af1ba13062db0c708bf7b946f8a5c76180c39"
            ],
            "markers": "python_version >= '3.7'",
            "version": "==7.1.3"
        },
        "pytest-flask": {
            "hashes": [
                "sha256:46fde652f77777bf02dc91205aec4ce20cdf2acbbbd66a918ab91f5c14693d3d",
                "sha256:fe25b39ad0db09c3d1fe728edecf97ced85e774c775db259a6d25f0270a4e7c9"
            ],
            "index": "pypi",
            "version": "==1.2.0"
        },
        "python-engineio": {
            "hashes": [
                "sha256:7454314a529bba20e745928601ffeaf101c1b5aca9a6c4e48ad397803d10ea0c",
                "sha256:d8d8b072799c36cadcdcc2b40d2a560ce09797ab3d2d596b2ad519a5e4df19ae"
            ],
            "markers": "python_version >= '3.6'",
            "version": "==4.3.4"
        },
        "python-socketio": {
            "hashes": [
                "sha256:92395062d9db3c13d30e7cdedaa0e1330bba78505645db695415f9a3c628d097",
                "sha256:d9a9f047e6fdd306c852fbac36516f4b495c2096f8ad9ceb8803b8e5ff5622e3"
            ],
            "markers": "python_version >= '3.6'",
            "version": "==5.7.2"
        },
        "requests": {
            "hashes": [
                "sha256:7c5599b102feddaa661c826c56ab4fee28bfd17f5abca1ebbe3e7f19d7c97983",
                "sha256:8fefa2a1a1365bf5520aac41836fbee479da67864514bdb821f31ce07ce65349"
            ],
            "markers": "python_version >= '3.7' and python_version < '4'",
            "version": "==2.28.1"
        },
        "rsa": {
            "hashes": [
                "sha256:90260d9058e514786967344d0ef75fa8727eed8a7d2e43ce9f4bcf1b536174f7",
                "sha256:e38464a49c6c85d7f1351b0126661487a7e0a14a50f1675ec50eb34d4f20ef21"
            ],
            "markers": "python_version >= '3.6'",
            "version": "==4.9"
        },
        "six": {
            "hashes": [
                "sha256:1e61c37477a1626458e36f7b1d82aa5c9b094fa4802892072e49de9c60c4c926",
                "sha256:8abb2f1d86890a2dfb989f9a77cfcfd3e47c2a354b01111771326f8aa26e0254"
            ],
            "markers": "python_version >= '2.7' and python_version not in '3.0, 3.1, 3.2, 3.3'",
            "version": "==1.16.0"
        },
        "sqlalchemy": {
            "hashes": [
                "sha256:04f2598c70ea4a29b12d429a80fad3a5202d56dce19dd4916cc46a965a5ca2e9",
                "sha256:0501f74dd2745ec38f44c3a3900fb38b9db1ce21586b691482a19134062bf049",
                "sha256:0ee377eb5c878f7cefd633ab23c09e99d97c449dd999df639600f49b74725b80",
                "sha256:11b2ec26c5d2eefbc3e6dca4ec3d3d95028be62320b96d687b6e740424f83b7d",
                "sha256:15d878929c30e41fb3d757a5853b680a561974a0168cd33a750be4ab93181628",
                "sha256:177e41914c476ed1e1b77fd05966ea88c094053e17a85303c4ce007f88eff363",
                "sha256:1811a0b19a08af7750c0b69e38dec3d46e47c4ec1d74b6184d69f12e1c99a5e0",
                "sha256:1d0c23ecf7b3bc81e29459c34a3f4c68ca538de01254e24718a7926810dc39a6",
                "sha256:22459fc1718785d8a86171bbe7f01b5c9d7297301ac150f508d06e62a2b4e8d2",
                "sha256:28e881266a172a4d3c5929182fde6bb6fba22ac93f137d5380cc78a11a9dd124",
                "sha256:2e56dfed0cc3e57b2f5c35719d64f4682ef26836b81067ee6cfad062290fd9e2",
                "sha256:2fd49af453e590884d9cdad3586415922a8e9bb669d874ee1dc55d2bc425aacd",
                "sha256:3ab7c158f98de6cb4f1faab2d12973b330c2878d0c6b689a8ca424c02d66e1b3",
                "sha256:4948b6c5f4e56693bbeff52f574279e4ff972ea3353f45967a14c30fb7ae2beb",
                "sha256:4e1c5f8182b4f89628d782a183d44db51b5af84abd6ce17ebb9804355c88a7b5",
                "sha256:5ce6929417d5dce5ad1d3f147db81735a4a0573b8fb36e3f95500a06eaddd93e",
                "sha256:5ede1495174e69e273fad68ad45b6d25c135c1ce67723e40f6cf536cb515e20b",
                "sha256:5f966b64c852592469a7eb759615bbd351571340b8b344f1d3fa2478b5a4c934",
                "sha256:6045b3089195bc008aee5c273ec3ba9a93f6a55bc1b288841bd4cfac729b6516",
                "sha256:6c9d004eb78c71dd4d3ce625b80c96a827d2e67af9c0d32b1c1e75992a7916cc",
                "sha256:6e39e97102f8e26c6c8550cb368c724028c575ec8bc71afbbf8faaffe2b2092a",
                "sha256:723e3b9374c1ce1b53564c863d1a6b2f1dc4e97b1c178d9b643b191d8b1be738",
                "sha256:876eb185911c8b95342b50a8c4435e1c625944b698a5b4a978ad2ffe74502908",
                "sha256:9256563506e040daddccaa948d055e006e971771768df3bb01feeb4386c242b0",
                "sha256:934472bb7d8666727746a75670a1f8d91a9cae8c464bba79da30a0f6faccd9e1",
                "sha256:97ff50cd85bb907c2a14afb50157d0d5486a4b4639976b4a3346f34b6d1b5272",
                "sha256:9b01d9cd2f9096f688c71a3d0f33f3cd0af8549014e66a7a7dee6fc214a7277d",
                "sha256:9e3a65ce9ed250b2f096f7b559fe3ee92e6605fab3099b661f0397a9ac7c8d95",
                "sha256:a7dd5b7b34a8ba8d181402d824b87c5cee8963cb2e23aa03dbfe8b1f1e417cde",
                "sha256:a85723c00a636eed863adb11f1e8aaa36ad1c10089537823b4540948a8429798",
                "sha256:b42c59ffd2d625b28cdb2ae4cde8488543d428cba17ff672a543062f7caee525",
                "sha256:bd448b262544b47a2766c34c0364de830f7fb0772d9959c1c42ad61d91ab6565",
                "sha256:ca9389a00f639383c93ed00333ed763812f80b5ae9e772ea32f627043f8c9c88",
                "sha256:df76e9c60879fdc785a34a82bf1e8691716ffac32e7790d31a98d7dec6e81545",
                "sha256:e12c6949bae10f1012ab5c0ea52ab8db99adcb8c7b717938252137cdf694c775",
                "sha256:e4ef8cb3c5b326f839bfeb6af5f406ba02ad69a78c7aac0fbeeba994ad9bb48a",
                "sha256:e7e740453f0149437c101ea4fdc7eea2689938c5760d7dcc436c863a12f1f565",
                "sha256:effc89e606165ca55f04f3f24b86d3e1c605e534bf1a96e4e077ce1b027d0b71",
                "sha256:f0f574465b78f29f533976c06b913e54ab4980b9931b69aa9d306afff13a9471",
                "sha256:fa5b7eb2051e857bf83bade0641628efe5a88de189390725d3e6033a1fff4257",
                "sha256:fdb94a3d1ba77ff2ef11912192c066f01e68416f554c194d769391638c8ad09a"
            ],
            "markers": "python_version >= '2.7' and python_version not in '3.0, 3.1, 3.2, 3.3, 3.4, 3.5'",
            "version": "==1.4.42"
        },
        "tomli": {
            "hashes": [
                "sha256:939de3e7a6161af0c887ef91b7d41a53e7c5a1ca976325f429cb46ea9bc30ecc",
                "sha256:de526c12914f0c550d15924c62d72abc48d6fe7364aa87328337a31007fe8a4f"
            ],
            "markers": "python_version >= '3.7'",
            "version": "==2.0.1"
        },
        "uritemplate": {
            "hashes": [
                "sha256:4346edfc5c3b79f694bccd6d6099a322bbeb628dbf2cd86eea55a456ce5124f0",
                "sha256:830c08b8d99bdd312ea4ead05994a38e8936266f84b9a7878232db50b044e02e"
            ],
            "markers": "python_version >= '3.6'",
            "version": "==4.1.1"
        },
        "urllib3": {
            "hashes": [
                "sha256:3fa96cf423e6987997fc326ae8df396db2a8b7c667747d47ddd8ecba91f4a74e",
                "sha256:b930dd878d5a8afb066a637fbb35144fe7901e3b209d1cd4f524bd0e9deee997"
            ],
            "markers": "python_version >= '2.7' and python_version not in '3.0, 3.1, 3.2, 3.3, 3.4, 3.5' and python_version < '4'",
            "version": "==1.26.12"
        },
        "werkzeug": {
            "hashes": [
                "sha256:7ea2d48322cc7c0f8b3a215ed73eabd7b5d75d0b50e31ab006286ccff9e00b8f",
                "sha256:f979ab81f58d7318e064e99c4506445d60135ac5cd2e177a2de0089bfd4c9bd5"
            ],
            "markers": "python_version >= '3.7'",
            "version": "==2.2.2"
        },
        "wtforms": {
            "hashes": [
                "sha256:6b351bbb12dd58af57ffef05bc78425d08d1914e0fd68ee14143b7ade023c5bc",
                "sha256:837f2f0e0ca79481b92884962b914eba4e72b7a2daaf1f939c890ed0124b834b"
            ],
            "markers": "python_version >= '3.7'",
            "version": "==3.0.1"
        }
    },
    "develop": {}
}
